// !$*UTF8*$!
{
	archiveVersion = 1;
	classes = {
	};
	objectVersion = 46;
	objects = {

/* Begin PBXFileReference section */
		F31C28091B26117B002BD4B1 /* singleton.js */ = {isa = PBXFileReference; lastKnownFileType = sourcecode.javascript; path = singleton.js; sourceTree = "<group>"; };
		F31C280A1B2611A4002BD4B1 /* user.js */ = {isa = PBXFileReference; lastKnownFileType = sourcecode.javascript; path = user.js; sourceTree = "<group>"; };
		F368FDDB1B6F62D20071A76B /* logger.js */ = {isa = PBXFileReference; lastKnownFileType = sourcecode.javascript; path = logger.js; sourceTree = "<group>"; };
		F3C522CD1B2608A9006667E2 /* app.js */ = {isa = PBXFileReference; lastKnownFileType = sourcecode.javascript; path = app.js; sourceTree = "<group>"; };
		F3C522D01B26091F006667E2 /* database.js */ = {isa = PBXFileReference; lastKnownFileType = sourcecode.javascript; path = database.js; sourceTree = "<group>"; };
		F3C522D11B26093E006667E2 /* resource.js */ = {isa = PBXFileReference; lastKnownFileType = sourcecode.javascript; path = resource.js; sourceTree = "<group>"; };
/* End PBXFileReference section */

/* Begin PBXGroup section */
		F3C779011B26002800402C77 = {
			isa = PBXGroup;
			children = (
				F368FDDB1B6F62D20071A76B /* logger.js */,
				F31C280A1B2611A4002BD4B1 /* user.js */,
				F31C28091B26117B002BD4B1 /* singleton.js */,
				F3C522D11B26093E006667E2 /* resource.js */,
				F3C522D01B26091F006667E2 /* database.js */,
				F3C522CD1B2608A9006667E2 /* app.js */,
			);
			sourceTree = "<group>";
		};
/* End PBXGroup section */

/* Begin PBXProject section */
		F3C779021B26002800402C77 /* Project object */ = {
			isa = PBXProject;
			attributes = {
				LastUpgradeCheck = 0630;
			};
			buildConfigurationList = F3C779051B26002800402C77 /* Build configuration list for PBXProject "Node.JS" */;
			compatibilityVersion = "Xcode 3.2";
			developmentRegion = English;
			hasScannedForEncodings = 0;
			knownRegions = (
				en,
			);
			mainGroup = F3C779011B26002800402C77;
			projectDirPath = "";
			projectRoot = "";
			targets = (
			);
		};
/* End PBXProject section */

/* Begin XCBuildConfiguration section */
		F3C779061B26002800402C77 /* Debug */ = {
			isa = XCBuildConfiguration;
			buildSettings = {
			};
			name = Debug;
		};
		F3C779071B26002800402C77 /* Release */ = {
			isa = XCBuildConfiguration;
			buildSettings = {
			};
			name = Release;
		};
/* End XCBuildConfiguration section */

/* Begin XCConfigurationList section */
		F3C779051B26002800402C77 /* Build configuration list for PBXProject "Node.JS" */ = {
			isa = XCConfigurationList;
			buildConfigurations = (
				F3C779061B26002800402C77 /* Debug */,
				F3C779071B26002800402C77 /* Release */,
			);
			defaultConfigurationIsVisible = 0;
			defaultConfigurationName = Release;
		};
/* End XCConfigurationList section */
	};
	rootObject = F3C779021B26002800402C77 /* Project object */;
}
